
Microsoft Visual Studio Solution File, Format Version 12.00
# Visual Studio Version 17
VisualStudioVersion = 17.7.34221.43
MinimumVisualStudioVersion = 10.0.40219.1
Project("{FAE04EC0-301F-11D3-BF4B-00C04F79EFBC}") = "FBD", "FBD\FBD.csproj", "{4B32919F-98FC-4C16-A986-BE8334B5F75F}"
EndProject
Global
	GlobalSection(SolutionConfigurationPlatforms) = preSolution
		Debug|Any CPU = Debug|Any CPU
		Release|Any CPU = Release|Any CPU
	EndGlobalSection
	GlobalSection(ProjectConfigurationPlatforms) = postSolution
		{4B32919F-98FC-4C16-A986-BE8334B5F75F}.Debug|Any CPU.ActiveCfg = Debug|Any CPU
		{4B32919F-98FC-4C16-A986-BE8334B5F75F}.Debug|Any CPU.Build.0 = Debug|Any CPU
		{4B32919F-98FC-4C16-A986-BE8334B5F75F}.Release|Any CPU.ActiveCfg = Release|Any CPU
		{4B32919F-98FC-4C16-A986-BE8334B5F75F}.Release|Any CPU.Build.0 = Release|Any CPU
	EndGlobalSection
	GlobalSection(SolutionProperties) = preSolution
		HideSolutionNode = FALSE
	EndGlobalSection
	GlobalSection(ExtensibilityGlobals) = postSolution
		SolutionGuid = {4E2E2954-3BDC-42BE-852B-7D2E203565DE}
	EndGlobalSection
EndGlobal
